
Microsoft Visual Studio Solution File, Format Version 12.00
# Visual Studio 2013
VisualStudioVersion = 12.0.31101.0
MinimumVisualStudioVersion = 10.0.40219.1
Project("{FAE04EC0-301F-11D3-BF4B-00C04F79EFBC}") = "WordCount", "WordCount\WordCount.csproj", "{DEC7A9B8-1235-4DDA-89E6-498DBAB62521}"
EndProject
Project("{FAE04EC0-301F-11D3-BF4B-00C04F79EFBC}") = "WordCount.Tests", "WordCount.Tests\WordCount.Tests.csproj", "{0F5E2D23-F983-4E15-9FE4-1071911BF735}"
EndProject
Global
	GlobalSection(SolutionConfigurationPlatforms) = preSolution
		Debug|Any CPU = Debug|Any CPU
		Release|Any CPU = Release|Any CPU
	EndGlobalSection
	GlobalSection(ProjectConfigurationPlatforms) = postSolution
		{DEC7A9B8-1235-4DDA-89E6-498DBAB62521}.Debug|Any CPU.ActiveCfg = Debug|Any CPU
		{DEC7A9B8-1235-4DDA-89E6-498DBAB62521}.Debug|Any CPU.Build.0 = Debug|Any CPU
		{DEC7A9B8-1235-4DDA-89E6-498DBAB62521}.Release|Any CPU.ActiveCfg = Release|Any CPU
		{DEC7A9B8-1235-4DDA-89E6-498DBAB62521}.Release|Any CPU.Build.0 = Release|Any CPU
		{0F5E2D23-F983-4E15-9FE4-1071911BF735}.Debug|Any CPU.ActiveCfg = Debug|Any CPU
		{0F5E2D23-F983-4E15-9FE4-1071911BF735}.Debug|Any CPU.Build.0 = Debug|Any CPU
		{0F5E2D23-F983-4E15-9FE4-1071911BF735}.Release|Any CPU.ActiveCfg = Release|Any CPU
		{0F5E2D23-F983-4E15-9FE4-1071911BF735}.Release|Any CPU.Build.0 = Release|Any CPU
	EndGlobalSection
	GlobalSection(SolutionProperties) = preSolution
		HideSolutionNode = FALSE
	EndGlobalSection
EndGlobal
